
Microsoft Visual Studio Solution File, Format Version 12.00
# Visual Studio Version 16
VisualStudioVersion = 16.0.31409.214
MinimumVisualStudioVersion = 10.0.40219.1
Project("{9A19103F-16F7-4668-BE54-9A1E7A4F7556}") = "Core", "Core\Core.csproj", "{B4631F47-E00D-4DF2-A370-A34E82736224}"
EndProject
Global
	GlobalSection(SolutionConfigurationPlatforms) = preSolution
		Debug|Any CPU = Debug|Any CPU
		Release|Any CPU = Release|Any CPU
	EndGlobalSection
	GlobalSection(ProjectConfigurationPlatforms) = postSolution
		{B4631F47-E00D-4DF2-A370-A34E82736224}.Debug|Any CPU.ActiveCfg = Debug|Any CPU
		{B4631F47-E00D-4DF2-A370-A34E82736224}.Debug|Any CPU.Build.0 = Debug|Any CPU
		{B4631F47-E00D-4DF2-A370-A34E82736224}.Release|Any CPU.ActiveCfg = Release|Any CPU
		{B4631F47-E00D-4DF2-A370-A34E82736224}.Release|Any CPU.Build.0 = Release|Any CPU
	EndGlobalSection
	GlobalSection(SolutionProperties) = preSolution
		HideSolutionNode = FALSE
	EndGlobalSection
	GlobalSection(ExtensibilityGlobals) = postSolution
		SolutionGuid = {D5D4B7A4-34DF-4724-87FF-C76B52908935}
	EndGlobalSection
EndGlobal
